# This file was autogenerated by Stack.
# You should not edit this file by hand.
# For more information, please see the documentation at:
#   https://docs.haskellstack.org/en/stable/lock_files

packages:
- completed:
    hackage: servant-server-0.18@sha256:ec7f361bc9848968b1fff8091fa2213b721d3f47549421945c6a7ca1702e22e6,5424
    pantry-tree:
      size: 2546
      sha256: c2470cd8665742cee13faae1db7e3d49d70b027d57c4578e3f7ba66ffc8dc7b4
  original:
    hackage: servant-server-0.18
- completed:
    hackage: postgresql-simple-migration-0.1.15.0@sha256:0e24e96908430f5caf9c1c1d9ca7c5c108e4e0409a255e2cbd77e8cd252dbb02,3879
    pantry-tree:
      size: 766
      sha256: c2843bfe43b804992bc913f33ec6b2c6cb0fc99c6d931b6ff85894e8aef9a99e
  original:
    hackage: postgresql-simple-migration-0.1.15.0
- completed:
    hackage: base64-bytestring-1.0.0.3@sha256:6c82d900465345e30ff0eeb9a1374fbd2955c8e5ca6206e03669f04575830f88,2242
    pantry-tree:
      size: 848
      sha256: 580b3808ee3ee06468d56808639a6b46615ff385c64d977423817434d17a9888
  original:
    hackage: base64-bytestring-1.0.0.3
snapshots:
- completed:
    size: 533430
    url: https://raw.githubusercontent.com/commercialhaskell/stackage-snapshots/master/nightly/2020/9/29.yaml
    sha256: 257d950f082432a4807a9f18fb35c4712470cd534d3e45af9732753e30b967d3
  original: nightly-2020-09-29
